
Microsoft Visual Studio Solution File, Format Version 12.00
# Visual Studio Version 17
VisualStudioVersion = 17.3.32825.248
MinimumVisualStudioVersion = 10.0.40219.1
Project("{FAE04EC0-301F-11D3-BF4B-00C04F79EFBC}") = "adcd", "adcd\adcd.csproj", "{BCFF653C-65DB-4C02-932E-21534AC20EAE}"
EndProject
Global
	GlobalSection(SolutionConfigurationPlatforms) = preSolution
		Debug|Any CPU = Debug|Any CPU
		Release|Any CPU = Release|Any CPU
	EndGlobalSection
	GlobalSection(ProjectConfigurationPlatforms) = postSolution
		{BCFF653C-65DB-4C02-932E-21534AC20EAE}.Debug|Any CPU.ActiveCfg = Debug|Any CPU
		{BCFF653C-65DB-4C02-932E-21534AC20EAE}.Debug|Any CPU.Build.0 = Debug|Any CPU
		{BCFF653C-65DB-4C02-932E-21534AC20EAE}.Release|Any CPU.ActiveCfg = Release|Any CPU
		{BCFF653C-65DB-4C02-932E-21534AC20EAE}.Release|Any CPU.Build.0 = Release|Any CPU
	EndGlobalSection
	GlobalSection(SolutionProperties) = preSolution
		HideSolutionNode = FALSE
	EndGlobalSection
	GlobalSection(ExtensibilityGlobals) = postSolution
		SolutionGuid = {DD3F958F-2254-4A2A-8E74-1DB1E1C10210}
	EndGlobalSection
EndGlobal
